
Microsoft Visual Studio Solution File, Format Version 12.00
# Visual Studio Version 16
VisualStudioVersion = 16.0.32228.343
MinimumVisualStudioVersion = 10.0.40219.1
Project("{8BC9CEB8-8B4A-11D0-8D11-00A0C91BC942}") = "220530_cpp_newAndDelete02", "220530_cpp_newAndDelete02.vcxproj", "{EC34B197-2B93-40F0-B9FC-8D74780F7F85}"
EndProject
Global
	GlobalSection(SolutionConfigurationPlatforms) = preSolution
		Debug|x64 = Debug|x64
		Debug|x86 = Debug|x86
		Release|x64 = Release|x64
		Release|x86 = Release|x86
	EndGlobalSection
	GlobalSection(ProjectConfigurationPlatforms) = postSolution
		{EC34B197-2B93-40F0-B9FC-8D74780F7F85}.Debug|x64.ActiveCfg = Debug|x64
		{EC34B197-2B93-40F0-B9FC-8D74780F7F85}.Debug|x64.Build.0 = Debug|x64
		{EC34B197-2B93-40F0-B9FC-8D74780F7F85}.Debug|x86.ActiveCfg = Debug|Win32
		{EC34B197-2B93-40F0-B9FC-8D74780F7F85}.Debug|x86.Build.0 = Debug|Win32
		{EC34B197-2B93-40F0-B9FC-8D74780F7F85}.Release|x64.ActiveCfg = Release|x64
		{EC34B197-2B93-40F0-B9FC-8D74780F7F85}.Release|x64.Build.0 = Release|x64
		{EC34B197-2B93-40F0-B9FC-8D74780F7F85}.Release|x86.ActiveCfg = Release|Win32
		{EC34B197-2B93-40F0-B9FC-8D74780F7F85}.Release|x86.Build.0 = Release|Win32
	EndGlobalSection
	GlobalSection(SolutionProperties) = preSolution
		HideSolutionNode = FALSE
	EndGlobalSection
	GlobalSection(ExtensibilityGlobals) = postSolution
		SolutionGuid = {2421758B-E470-472B-BA98-CF8EF3C9F638}
	EndGlobalSection
EndGlobal
